# This file is automatically @generated by Cargo.
# It is not intended for manual editing.
version = 3

[[package]]
name = "crossing_the_desert"
version = "0.1.0"

[[package]]
name = "first_bad_version"
version = "0.1.0"

[[package]]
name = "kadane_algorithm"
version = "0.1.0"

[[package]]
name = "leaders_in_array"
version = "0.1.0"

[[package]]
name = "missing_number"
version = "0.1.0"

[[package]]
name = "sliding_window_maximum"
version = "0.1.0"

[[package]]
name = "trapping_rain_water"
version = "0.1.0"
